PODS:
  - Alamofire (4.1.0)
  - ARORequest (0.1.0):
    - Alamofire (~> 4.1)
    - ObjectMapper (~> 2.2.1)
    - RxSwift (~> 3.0)
  - ObjectMapper (2.2.1)
  - RxSwift (3.0.1)

DEPENDENCIES:
  - ARORequest (from `../`)

EXTERNAL SOURCES:
  ARORequest:
    :path: "../"

SPEC CHECKSUMS:
  Alamofire: e266cf991b933498df791e645e0d8ac294492153
  ARORequest: e1414f1a583d17fb1620d3d0c4051e80dd6d1b2b
  ObjectMapper: 41e43e1a89f8060ef5ea5d04ba852e269a621d68
  RxSwift: af5680055c4ad04480189c52d28385b1029493a6

PODFILE CHECKSUM: 506ff7469f436e3a0e423b2205c7db14f5f234a4

COCOAPODS: 1.1.1
